{
  "originHash" : "98c19e18e03d24ee28d141af3698d5a31d81c735d58345f25eeaf4f98e93e550",
  "pins" : [
    {
      "identity" : "fluidaudio",
      "kind" : "remoteSourceControl",
      "location" : "https://github.com/FluidInference/FluidAudio.git",
      "state" : {
        "revision" : "4dbf4f9f9a5ff3a53ade848d7ba4e3df13db859b",
        "version" : "0.15.6"
      }
    }
  ],
  "version" : 3
}
