{
  "originHash" : "77ecf5683a704eebaed36df82fa07ab18660172da04dc4409249071043b723b6",
  "pins" : [
    {
      "identity" : "fluidaudio",
      "kind" : "remoteSourceControl",
      "location" : "https://github.com/FluidInference/FluidAudio.git",
      "state" : {
        "revision" : "41540ea237350afe5117a082b5c28eda642d0612",
        "version" : "0.15.7"
      }
    }
  ],
  "version" : 3
}
